
Microsoft Visual Studio Solution File, Format Version 12.00
# Visual Studio 15
VisualStudioVersion = 15.0.28307.489
MinimumVisualStudioVersion = 10.0.40219.1
Project("{9A19103F-16F7-4668-BE54-9A1E7A4F7556}") = "TicketsBooking", "TicketsBooking\TicketsBooking.csproj", "{E190CAF6-51AD-4203-99FB-FEB314F7F16F}"
EndProject
Project("{FAE04EC0-301F-11D3-BF4B-00C04F79EFBC}") = "TicketsBooking.DAL", "TicketsBooking.DAL\TicketsBooking.DAL.csproj", "{F1C0E995-4826-45B6-A356-28CB9CDB6233}"
EndProject
Global
	GlobalSection(SolutionConfigurationPlatforms) = preSolution
		Debug|Any CPU = Debug|Any CPU
		Release|Any CPU = Release|Any CPU
	EndGlobalSection
	GlobalSection(ProjectConfigurationPlatforms) = postSolution
		{E190CAF6-51AD-4203-99FB-FEB314F7F16F}.Debug|Any CPU.ActiveCfg = Debug|Any CPU
		{E190CAF6-51AD-4203-99FB-FEB314F7F16F}.Debug|Any CPU.Build.0 = Debug|Any CPU
		{E190CAF6-51AD-4203-99FB-FEB314F7F16F}.Release|Any CPU.ActiveCfg = Release|Any CPU
		{E190CAF6-51AD-4203-99FB-FEB314F7F16F}.Release|Any CPU.Build.0 = Release|Any CPU
		{F1C0E995-4826-45B6-A356-28CB9CDB6233}.Debug|Any CPU.ActiveCfg = Debug|Any CPU
		{F1C0E995-4826-45B6-A356-28CB9CDB6233}.Debug|Any CPU.Build.0 = Debug|Any CPU
		{F1C0E995-4826-45B6-A356-28CB9CDB6233}.Release|Any CPU.ActiveCfg = Release|Any CPU
		{F1C0E995-4826-45B6-A356-28CB9CDB6233}.Release|Any CPU.Build.0 = Release|Any CPU
	EndGlobalSection
	GlobalSection(SolutionProperties) = preSolution
		HideSolutionNode = FALSE
	EndGlobalSection
	GlobalSection(ExtensibilityGlobals) = postSolution
		SolutionGuid = {9758E09C-88C0-49FC-8C4B-040816C8DF85}
	EndGlobalSection
EndGlobal
